// !$*UTF8*$!
{
	archiveVersion = 1;
	classes = {
	};
	objectVersion = 55;
	objects = {

/* Begin PBXBuildFile section */
		E12070B52A143650004C9D2B /* VectorView.swift in Sources */ = {isa = PBXBuildFile; fileRef = E12070B42A143650004C9D2B /* VectorView.swift */; };
		E12070B72A143BDD004C9D2B /* NumberFormatter+Formatters.swift in Sources */ = {isa = PBXBuildFile; fileRef = E12070B62A143BDD004C9D2B /* NumberFormatter+Formatters.swift */; };
		E1BA58F02A11615000EFB533 /* FlashExampleView.swift in Sources */ = {isa = PBXBuildFile; fileRef = E1BA58EF2A11615000EFB533 /* FlashExampleView.swift */; };
		E1BA58F22A116A4D00EFB533 /* EdgeInsetsView.swift in Sources */ = {isa = PBXBuildFile; fileRef = E1BA58F12A116A4D00EFB533 /* EdgeInsetsView.swift */; };
		E1BA58F42A116FFE00EFB533 /* EdgeInsetView.swift in Sources */ = {isa = PBXBuildFile; fileRef = E1BA58F32A116FFE00EFB533 /* EdgeInsetView.swift */; };
		E1BA58F62A11A0C400EFB533 /* SymbolPicker.swift in Sources */ = {isa = PBXBuildFile; fileRef = E1BA58F52A11A0C400EFB533 /* SymbolPicker.swift */; };
		E1BC8F7D2879F5DA00CCFBAC /* AppDelegate.swift in Sources */ = {isa = PBXBuildFile; fileRef = E1BC8F7C2879F5DA00CCFBAC /* AppDelegate.swift */; };
		E1BC8F7F2879F5DA00CCFBAC /* SceneDelegate.swift in Sources */ = {isa = PBXBuildFile; fileRef = E1BC8F7E2879F5DA00CCFBAC /* SceneDelegate.swift */; };
		E1BC8F862879F5DB00CCFBAC /* Assets.xcassets in Resources */ = {isa = PBXBuildFile; fileRef = E1BC8F852879F5DB00CCFBAC /* Assets.xcassets */; };
		E1BC8F892879F5DB00CCFBAC /* LaunchScreen.storyboard in Resources */ = {isa = PBXBuildFile; fileRef = E1BC8F872879F5DB00CCFBAC /* LaunchScreen.storyboard */; };
		E1BC8F942879FA0900CCFBAC /* Flash in Frameworks */ = {isa = PBXBuildFile; productRef = E1BC8F932879FA0900CCFBAC /* Flash */; };
/* End PBXBuildFile section */

/* Begin PBXFileReference section */
		E12070B42A143650004C9D2B /* VectorView.swift */ = {isa = PBXFileReference; lastKnownFileType = sourcecode.swift; path = VectorView.swift; sourceTree = "<group>"; };
		E12070B62A143BDD004C9D2B /* NumberFormatter+Formatters.swift */ = {isa = PBXFileReference; lastKnownFileType = sourcecode.swift; path = "NumberFormatter+Formatters.swift"; sourceTree = "<group>"; };
		E1BA58EE2A0C5F8D00EFB533 /* Flash */ = {isa = PBXFileReference; lastKnownFileType = wrapper; name = Flash; path = ..; sourceTree = "<group>"; };
		E1BA58EF2A11615000EFB533 /* FlashExampleView.swift */ = {isa = PBXFileReference; lastKnownFileType = sourcecode.swift; path = FlashExampleView.swift; sourceTree = "<group>"; };
		E1BA58F12A116A4D00EFB533 /* EdgeInsetsView.swift */ = {isa = PBXFileReference; lastKnownFileType = sourcecode.swift; path = EdgeInsetsView.swift; sourceTree = "<group>"; };
		E1BA58F32A116FFE00EFB533 /* EdgeInsetView.swift */ = {isa = PBXFileReference; lastKnownFileType = sourcecode.swift; path = EdgeInsetView.swift; sourceTree = "<group>"; };
		E1BA58F52A11A0C400EFB533 /* SymbolPicker.swift */ = {isa = PBXFileReference; lastKnownFileType = sourcecode.swift; path = SymbolPicker.swift; sourceTree = "<group>"; };
		E1BC8F792879F5DA00CCFBAC /* FlashExample.app */ = {isa = PBXFileReference; explicitFileType = wrapper.application; includeInIndex = 0; path = FlashExample.app; sourceTree = BUILT_PRODUCTS_DIR; };
		E1BC8F7C2879F5DA00CCFBAC /* AppDelegate.swift */ = {isa = PBXFileReference; lastKnownFileType = sourcecode.swift; path = AppDelegate.swift; sourceTree = "<group>"; };
		E1BC8F7E2879F5DA00CCFBAC /* SceneDelegate.swift */ = {isa = PBXFileReference; lastKnownFileType = sourcecode.swift; path = SceneDelegate.swift; sourceTree = "<group>"; };
		E1BC8F852879F5DB00CCFBAC /* Assets.xcassets */ = {isa = PBXFileReference; lastKnownFileType = folder.assetcatalog; path = Assets.xcassets; sourceTree = "<group>"; };
		E1BC8F882879F5DB00CCFBAC /* Base */ = {isa = PBXFileReference; lastKnownFileType = file.storyboard; name = Base; path = Base.lproj/LaunchScreen.storyboard; sourceTree = "<group>"; };
		E1BC8F8A2879F5DB00CCFBAC /* Info.plist */ = {isa = PBXFileReference; lastKnownFileType = text.plist.xml; path = Info.plist; sourceTree = "<group>"; };
/* End PBXFileReference section */

/* Begin PBXFrameworksBuildPhase section */
		E1BC8F762879F5DA00CCFBAC /* Frameworks */ = {
			isa = PBXFrameworksBuildPhase;
			buildActionMask = 2147483647;
			files = (
				E1BC8F942879FA0900CCFBAC /* Flash in Frameworks */,
			);
			runOnlyForDeploymentPostprocessing = 0;
		};
/* End PBXFrameworksBuildPhase section */

/* Begin PBXGroup section */
		E12070B82A144027004C9D2B /* Extensions */ = {
			isa = PBXGroup;
			children = (
				E12070B62A143BDD004C9D2B /* NumberFormatter+Formatters.swift */,
			);
			path = Extensions;
			sourceTree = "<group>";
		};
		E1BA58F72A12F20A00EFB533 /* Views */ = {
			isa = PBXGroup;
			children = (
				E1BA58F52A11A0C400EFB533 /* SymbolPicker.swift */,
				E1BA58F32A116FFE00EFB533 /* EdgeInsetView.swift */,
				E1BA58F12A116A4D00EFB533 /* EdgeInsetsView.swift */,
				E12070B42A143650004C9D2B /* VectorView.swift */,
				E1BA58EF2A11615000EFB533 /* FlashExampleView.swift */,
			);
			path = Views;
			sourceTree = "<group>";
		};
		E1BC8F702879F5DA00CCFBAC = {
			isa = PBXGroup;
			children = (
				E1BC8F902879F65C00CCFBAC /* Packages */,
				E1BC8F7B2879F5DA00CCFBAC /* FlashExample */,
				E1BC8F7A2879F5DA00CCFBAC /* Products */,
				E1BC8F922879FA0900CCFBAC /* Frameworks */,
			);
			sourceTree = "<group>";
		};
		E1BC8F7A2879F5DA00CCFBAC /* Products */ = {
			isa = PBXGroup;
			children = (
				E1BC8F792879F5DA00CCFBAC /* FlashExample.app */,
			);
			name = Products;
			sourceTree = "<group>";
		};
		E1BC8F7B2879F5DA00CCFBAC /* FlashExample */ = {
			isa = PBXGroup;
			children = (
				E12070B82A144027004C9D2B /* Extensions */,
				E1BA58F72A12F20A00EFB533 /* Views */,
				E1BC8F7C2879F5DA00CCFBAC /* AppDelegate.swift */,
				E1BC8F7E2879F5DA00CCFBAC /* SceneDelegate.swift */,
				E1BC8F852879F5DB00CCFBAC /* Assets.xcassets */,
				E1BC8F872879F5DB00CCFBAC /* LaunchScreen.storyboard */,
				E1BC8F8A2879F5DB00CCFBAC /* Info.plist */,
			);
			path = FlashExample;
			sourceTree = "<group>";
		};
		E1BC8F902879F65C00CCFBAC /* Packages */ = {
			isa = PBXGroup;
			children = (
				E1BA58EE2A0C5F8D00EFB533 /* Flash */,
			);
			name = Packages;
			sourceTree = "<group>";
		};
		E1BC8F922879FA0900CCFBAC /* Frameworks */ = {
			isa = PBXGroup;
			children = (
			);
			name = Frameworks;
			sourceTree = "<group>";
		};
/* End PBXGroup section */

/* Begin PBXNativeTarget section */
		E1BC8F782879F5DA00CCFBAC /* FlashExample */ = {
			isa = PBXNativeTarget;
			buildConfigurationList = E1BC8F8D2879F5DB00CCFBAC /* Build configuration list for PBXNativeTarget "FlashExample" */;
			buildPhases = (
				E1BC8F752879F5DA00CCFBAC /* Sources */,
				E1BC8F762879F5DA00CCFBAC /* Frameworks */,
				E1BC8F772879F5DA00CCFBAC /* Resources */,
				E12CABBA2A171C2000C8C2A7 /* Lint */,
			);
			buildRules = (
			);
			dependencies = (
			);
			name = FlashExample;
			packageProductDependencies = (
				E1BC8F932879FA0900CCFBAC /* Flash */,
			);
			productName = FlashExample;
			productReference = E1BC8F792879F5DA00CCFBAC /* FlashExample.app */;
			productType = "com.apple.product-type.application";
		};
/* End PBXNativeTarget section */

/* Begin PBXProject section */
		E1BC8F712879F5DA00CCFBAC /* Project object */ = {
			isa = PBXProject;
			attributes = {
				BuildIndependentTargetsInParallel = 1;
				LastSwiftUpdateCheck = 1340;
				LastUpgradeCheck = 1340;
				TargetAttributes = {
					E1BC8F782879F5DA00CCFBAC = {
						CreatedOnToolsVersion = 13.4.1;
					};
				};
			};
			buildConfigurationList = E1BC8F742879F5DA00CCFBAC /* Build configuration list for PBXProject "FlashExample" */;
			compatibilityVersion = "Xcode 13.0";
			developmentRegion = en;
			hasScannedForEncodings = 0;
			knownRegions = (
				en,
				Base,
			);
			mainGroup = E1BC8F702879F5DA00CCFBAC;
			productRefGroup = E1BC8F7A2879F5DA00CCFBAC /* Products */;
			projectDirPath = "";
			projectRoot = "";
			targets = (
				E1BC8F782879F5DA00CCFBAC /* FlashExample */,
			);
		};
/* End PBXProject section */

/* Begin PBXResourcesBuildPhase section */
		E1BC8F772879F5DA00CCFBAC /* Resources */ = {
			isa = PBXResourcesBuildPhase;
			buildActionMask = 2147483647;
			files = (
				E1BC8F892879F5DB00CCFBAC /* LaunchScreen.storyboard in Resources */,
				E1BC8F862879F5DB00CCFBAC /* Assets.xcassets in Resources */,
			);
			runOnlyForDeploymentPostprocessing = 0;
		};
/* End PBXResourcesBuildPhase section */

/* Begin PBXShellScriptBuildPhase section */
		E12CABBA2A171C2000C8C2A7 /* Lint */ = {
			isa = PBXShellScriptBuildPhase;
			alwaysOutOfDate = 1;
			buildActionMask = 2147483647;
			files = (
			);
			inputFileListPaths = (
			);
			inputPaths = (
			);
			name = Lint;
			outputFileListPaths = (
			);
			outputPaths = (
			);
			runOnlyForDeploymentPostprocessing = 0;
			shellPath = /bin/sh;
			shellScript = "if [[ \"$(uname -m)\" == arm64 ]]; then\n    export PATH=\"/opt/homebrew/bin:$PATH\"\nfi\n\nif which swiftlint > /dev/null; then\n  swiftlint --fix && swiftlint\nelse\n  echo \"warning: SwiftLint not installed, download from https://github.com/realm/SwiftLint\"\nfi\n";
		};
/* End PBXShellScriptBuildPhase section */

/* Begin PBXSourcesBuildPhase section */
		E1BC8F752879F5DA00CCFBAC /* Sources */ = {
			isa = PBXSourcesBuildPhase;
			buildActionMask = 2147483647;
			files = (
				E1BA58F62A11A0C400EFB533 /* SymbolPicker.swift in Sources */,
				E1BA58F42A116FFE00EFB533 /* EdgeInsetView.swift in Sources */,
				E1BC8F7D2879F5DA00CCFBAC /* AppDelegate.swift in Sources */,
				E1BA58F22A116A4D00EFB533 /* EdgeInsetsView.swift in Sources */,
				E12070B72A143BDD004C9D2B /* NumberFormatter+Formatters.swift in Sources */,
				E12070B52A143650004C9D2B /* VectorView.swift in Sources */,
				E1BA58F02A11615000EFB533 /* FlashExampleView.swift in Sources */,
				E1BC8F7F2879F5DA00CCFBAC /* SceneDelegate.swift in Sources */,
			);
			runOnlyForDeploymentPostprocessing = 0;
		};
/* End PBXSourcesBuildPhase section */

/* Begin PBXVariantGroup section */
		E1BC8F872879F5DB00CCFBAC /* LaunchScreen.storyboard */ = {
			isa = PBXVariantGroup;
			children = (
				E1BC8F882879F5DB00CCFBAC /* Base */,
			);
			name = LaunchScreen.storyboard;
			sourceTree = "<group>";
		};
/* End PBXVariantGroup section */

/* Begin XCBuildConfiguration section */
		E1BC8F8B2879F5DB00CCFBAC /* Debug */ = {
			isa = XCBuildConfiguration;
			buildSettings = {
				ALWAYS_SEARCH_USER_PATHS = NO;
				CLANG_ANALYZER_NONNULL = YES;
				CLANG_ANALYZER_NUMBER_OBJECT_CONVERSION = YES_AGGRESSIVE;
				CLANG_CXX_LANGUAGE_STANDARD = "gnu++17";
				CLANG_ENABLE_MODULES = YES;
				CLANG_ENABLE_OBJC_ARC = YES;
				CLANG_ENABLE_OBJC_WEAK = YES;
				CLANG_WARN_BLOCK_CAPTURE_AUTORELEASING = YES;
				CLANG_WARN_BOOL_CONVERSION = YES;
				CLANG_WARN_COMMA = YES;
				CLANG_WARN_CONSTANT_CONVERSION = YES;
				CLANG_WARN_DEPRECATED_OBJC_IMPLEMENTATIONS = YES;
				CLANG_WARN_DIRECT_OBJC_ISA_USAGE = YES_ERROR;
				CLANG_WARN_DOCUMENTATION_COMMENTS = YES;
				CLANG_WARN_EMPTY_BODY = YES;
				CLANG_WARN_ENUM_CONVERSION = YES;
				CLANG_WARN_INFINITE_RECURSION = YES;
				CLANG_WARN_INT_CONVERSION = YES;
				CLANG_WARN_NON_LITERAL_NULL_CONVERSION = YES;
				CLANG_WARN_OBJC_IMPLICIT_RETAIN_SELF = YES;
				CLANG_WARN_OBJC_LITERAL_CONVERSION = YES;
				CLANG_WARN_OBJC_ROOT_CLASS = YES_ERROR;
				CLANG_WARN_QUOTED_INCLUDE_IN_FRAMEWORK_HEADER = YES;
				CLANG_WARN_RANGE_LOOP_ANALYSIS = YES;
				CLANG_WARN_STRICT_PROTOTYPES = YES;
				CLANG_WARN_SUSPICIOUS_MOVE = YES;
				CLANG_WARN_UNGUARDED_AVAILABILITY = YES_AGGRESSIVE;
				CLANG_WARN_UNREACHABLE_CODE = YES;
				CLANG_WARN__DUPLICATE_METHOD_MATCH = YES;
				COPY_PHASE_STRIP = NO;
				DEBUG_INFORMATION_FORMAT = dwarf;
				ENABLE_STRICT_OBJC_MSGSEND = YES;
				ENABLE_TESTABILITY = YES;
				GCC_C_LANGUAGE_STANDARD = gnu11;
				GCC_DYNAMIC_NO_PIC = NO;
				GCC_NO_COMMON_BLOCKS = YES;
				GCC_OPTIMIZATION_LEVEL = 0;
				GCC_PREPROCESSOR_DEFINITIONS = (
					"DEBUG=1",
					"$(inherited)",
				);
				GCC_WARN_64_TO_32_BIT_CONVERSION = YES;
				GCC_WARN_ABOUT_RETURN_TYPE = YES_ERROR;
				GCC_WARN_UNDECLARED_SELECTOR = YES;
				GCC_WARN_UNINITIALIZED_AUTOS = YES_AGGRESSIVE;
				GCC_WARN_UNUSED_FUNCTION = YES;
				GCC_WARN_UNUSED_VARIABLE = YES;
				IPHONEOS_DEPLOYMENT_TARGET = 15.5;
				MTL_ENABLE_DEBUG_INFO = INCLUDE_SOURCE;
				MTL_FAST_MATH = YES;
				ONLY_ACTIVE_ARCH = YES;
				SDKROOT = iphoneos;
				SWIFT_ACTIVE_COMPILATION_CONDITIONS = DEBUG;
				SWIFT_OPTIMIZATION_LEVEL = "-Onone";
			};
			name = Debug;
		};
		E1BC8F8C2879F5DB00CCFBAC /* Release */ = {
			isa = XCBuildConfiguration;
			buildSettings = {
				ALWAYS_SEARCH_USER_PATHS = NO;
				CLANG_ANALYZER_NONNULL = YES;
				CLANG_ANALYZER_NUMBER_OBJECT_CONVERSION = YES_AGGRESSIVE;
				CLANG_CXX_LANGUAGE_STANDARD = "gnu++17";
				CLANG_ENABLE_MODULES = YES;
				CLANG_ENABLE_OBJC_ARC = YES;
				CLANG_ENABLE_OBJC_WEAK = YES;
				CLANG_WARN_BLOCK_CAPTURE_AUTORELEASING = YES;
				CLANG_WARN_BOOL_CONVERSION = YES;
				CLANG_WARN_COMMA = YES;
				CLANG_WARN_CONSTANT_CONVERSION = YES;
				CLANG_WARN_DEPRECATED_OBJC_IMPLEMENTATIONS = YES;
				CLANG_WARN_DIRECT_OBJC_ISA_USAGE = YES_ERROR;
				CLANG_WARN_DOCUMENTATION_COMMENTS = YES;
				CLANG_WARN_EMPTY_BODY = YES;
				CLANG_WARN_ENUM_CONVERSION = YES;
				CLANG_WARN_INFINITE_RECURSION = YES;
				CLANG_WARN_INT_CONVERSION = YES;
				CLANG_WARN_NON_LITERAL_NULL_CONVERSION = YES;
				CLANG_WARN_OBJC_IMPLICIT_RETAIN_SELF = YES;
				CLANG_WARN_OBJC_LITERAL_CONVERSION = YES;
				CLANG_WARN_OBJC_ROOT_CLASS = YES_ERROR;
				CLANG_WARN_QUOTED_INCLUDE_IN_FRAMEWORK_HEADER = YES;
				CLANG_WARN_RANGE_LOOP_ANALYSIS = YES;
				CLANG_WARN_STRICT_PROTOTYPES = YES;
				CLANG_WARN_SUSPICIOUS_MOVE = YES;
				CLANG_WARN_UNGUARDED_AVAILABILITY = YES_AGGRESSIVE;
				CLANG_WARN_UNREACHABLE_CODE = YES;
				CLANG_WARN__DUPLICATE_METHOD_MATCH = YES;
				COPY_PHASE_STRIP = NO;
				DEBUG_INFORMATION_FORMAT = "dwarf-with-dsym";
				ENABLE_NS_ASSERTIONS = NO;
				ENABLE_STRICT_OBJC_MSGSEND = YES;
				GCC_C_LANGUAGE_STANDARD = gnu11;
				GCC_NO_COMMON_BLOCKS = YES;
				GCC_WARN_64_TO_32_BIT_CONVERSION = YES;
				GCC_WARN_ABOUT_RETURN_TYPE = YES_ERROR;
				GCC_WARN_UNDECLARED_SELECTOR = YES;
				GCC_WARN_UNINITIALIZED_AUTOS = YES_AGGRESSIVE;
				GCC_WARN_UNUSED_FUNCTION = YES;
				GCC_WARN_UNUSED_VARIABLE = YES;
				IPHONEOS_DEPLOYMENT_TARGET = 15.5;
				MTL_ENABLE_DEBUG_INFO = NO;
				MTL_FAST_MATH = YES;
				SDKROOT = iphoneos;
				SWIFT_COMPILATION_MODE = wholemodule;
				SWIFT_OPTIMIZATION_LEVEL = "-O";
				VALIDATE_PRODUCT = YES;
			};
			name = Release;
		};
		E1BC8F8E2879F5DB00CCFBAC /* Debug */ = {
			isa = XCBuildConfiguration;
			buildSettings = {
				ASSETCATALOG_COMPILER_APPICON_NAME = AppIcon;
				ASSETCATALOG_COMPILER_GLOBAL_ACCENT_COLOR_NAME = AccentColor;
				CODE_SIGN_STYLE = Automatic;
				CURRENT_PROJECT_VERSION = 1;
				DEVELOPMENT_TEAM = D79X9D728B;
				GENERATE_INFOPLIST_FILE = YES;
				INFOPLIST_FILE = FlashExample/Info.plist;
				INFOPLIST_KEY_UIApplicationSupportsIndirectInputEvents = YES;
				INFOPLIST_KEY_UILaunchStoryboardName = LaunchScreen;
				INFOPLIST_KEY_UISupportedInterfaceOrientations_iPad = "UIInterfaceOrientationPortrait UIInterfaceOrientationPortraitUpsideDown UIInterfaceOrientationLandscapeLeft UIInterfaceOrientationLandscapeRight";
				INFOPLIST_KEY_UISupportedInterfaceOrientations_iPhone = "UIInterfaceOrientationPortrait UIInterfaceOrientationLandscapeLeft UIInterfaceOrientationLandscapeRight";
				IPHONEOS_DEPLOYMENT_TARGET = 16.0;
				LD_RUNPATH_SEARCH_PATHS = (
					"$(inherited)",
					"@executable_path/Frameworks",
				);
				MARKETING_VERSION = 1.0;
				PRODUCT_BUNDLE_IDENTIFIER = com.github.conmulligan.FlashExample;
				PRODUCT_NAME = "$(TARGET_NAME)";
				SWIFT_EMIT_LOC_STRINGS = YES;
				SWIFT_VERSION = 5.0;
				TARGETED_DEVICE_FAMILY = "1,2";
			};
			name = Debug;
		};
		E1BC8F8F2879F5DB00CCFBAC /* Release */ = {
			isa = XCBuildConfiguration;
			buildSettings = {
				ASSETCATALOG_COMPILER_APPICON_NAME = AppIcon;
				ASSETCATALOG_COMPILER_GLOBAL_ACCENT_COLOR_NAME = AccentColor;
				CODE_SIGN_STYLE = Automatic;
				CURRENT_PROJECT_VERSION = 1;
				DEVELOPMENT_TEAM = D79X9D728B;
				GENERATE_INFOPLIST_FILE = YES;
				INFOPLIST_FILE = FlashExample/Info.plist;
				INFOPLIST_KEY_UIApplicationSupportsIndirectInputEvents = YES;
				INFOPLIST_KEY_UILaunchStoryboardName = LaunchScreen;
				INFOPLIST_KEY_UISupportedInterfaceOrientations_iPad = "UIInterfaceOrientationPortrait UIInterfaceOrientationPortraitUpsideDown UIInterfaceOrientationLandscapeLeft UIInterfaceOrientationLandscapeRight";
				INFOPLIST_KEY_UISupportedInterfaceOrientations_iPhone = "UIInterfaceOrientationPortrait UIInterfaceOrientationLandscapeLeft UIInterfaceOrientationLandscapeRight";
				IPHONEOS_DEPLOYMENT_TARGET = 16.0;
				LD_RUNPATH_SEARCH_PATHS = (
					"$(inherited)",
					"@executable_path/Frameworks",
				);
				MARKETING_VERSION = 1.0;
				PRODUCT_BUNDLE_IDENTIFIER = com.github.conmulligan.FlashExample;
				PRODUCT_NAME = "$(TARGET_NAME)";
				SWIFT_EMIT_LOC_STRINGS = YES;
				SWIFT_VERSION = 5.0;
				TARGETED_DEVICE_FAMILY = "1,2";
			};
			name = Release;
		};
/* End XCBuildConfiguration section */

/* Begin XCConfigurationList section */
		E1BC8F742879F5DA00CCFBAC /* Build configuration list for PBXProject "FlashExample" */ = {
			isa = XCConfigurationList;
			buildConfigurations = (
				E1BC8F8B2879F5DB00CCFBAC /* Debug */,
				E1BC8F8C2879F5DB00CCFBAC /* Release */,
			);
			defaultConfigurationIsVisible = 0;
			defaultConfigurationName = Release;
		};
		E1BC8F8D2879F5DB00CCFBAC /* Build configuration list for PBXNativeTarget "FlashExample" */ = {
			isa = XCConfigurationList;
			buildConfigurations = (
				E1BC8F8E2879F5DB00CCFBAC /* Debug */,
				E1BC8F8F2879F5DB00CCFBAC /* Release */,
			);
			defaultConfigurationIsVisible = 0;
			defaultConfigurationName = Release;
		};
/* End XCConfigurationList section */

/* Begin XCSwiftPackageProductDependency section */
		E1BC8F932879FA0900CCFBAC /* Flash */ = {
			isa = XCSwiftPackageProductDependency;
			productName = Flash;
		};
/* End XCSwiftPackageProductDependency section */
	};
	rootObject = E1BC8F712879F5DA00CCFBAC /* Project object */;
}
